
Microsoft Visual Studio Solution File, Format Version 12.00
# Visual Studio Version 16
VisualStudioVersion = 25.0.1705.3
MinimumVisualStudioVersion = 10.0.40219.1
Project("{FAE04EC0-301F-11D3-BF4B-00C04F79EFBC}") = "JavaFlorist", "JavaFlorist.csproj", "{BEB62879-A4F8-4156-B249-0BD2338BEFDA}"
EndProject
Global
	GlobalSection(SolutionConfigurationPlatforms) = preSolution
		Debug|Any CPU = Debug|Any CPU
		Release|Any CPU = Release|Any CPU
	EndGlobalSection
	GlobalSection(ProjectConfigurationPlatforms) = postSolution
		{BEB62879-A4F8-4156-B249-0BD2338BEFDA}.Debug|Any CPU.ActiveCfg = Debug|Any CPU
		{BEB62879-A4F8-4156-B249-0BD2338BEFDA}.Debug|Any CPU.Build.0 = Debug|Any CPU
		{BEB62879-A4F8-4156-B249-0BD2338BEFDA}.Release|Any CPU.ActiveCfg = Release|Any CPU
		{BEB62879-A4F8-4156-B249-0BD2338BEFDA}.Release|Any CPU.Build.0 = Release|Any CPU
	EndGlobalSection
	GlobalSection(SolutionProperties) = preSolution
		HideSolutionNode = FALSE
	EndGlobalSection
	GlobalSection(ExtensibilityGlobals) = postSolution
		SolutionGuid = {17572C08-7EB9-4B5A-BB81-92DE90BBEC7F}
	EndGlobalSection
EndGlobal
